
Microsoft Visual Studio Solution File, Format Version 12.00
# Visual Studio Version 16
VisualStudioVersion = 16.0.31729.503
MinimumVisualStudioVersion = 10.0.40219.1
Project("{FAE04EC0-301F-11D3-BF4B-00C04F79EFBC}") = "LearningArrays", "LearningArrays\LearningArrays.csproj", "{6E429A82-5421-464E-9BE9-C4B9F1F88980}"
EndProject
Global
	GlobalSection(SolutionConfigurationPlatforms) = preSolution
		Debug|Any CPU = Debug|Any CPU
		Release|Any CPU = Release|Any CPU
	EndGlobalSection
	GlobalSection(ProjectConfigurationPlatforms) = postSolution
		{6E429A82-5421-464E-9BE9-C4B9F1F88980}.Debug|Any CPU.ActiveCfg = Debug|Any CPU
		{6E429A82-5421-464E-9BE9-C4B9F1F88980}.Debug|Any CPU.Build.0 = Debug|Any CPU
		{6E429A82-5421-464E-9BE9-C4B9F1F88980}.Release|Any CPU.ActiveCfg = Release|Any CPU
		{6E429A82-5421-464E-9BE9-C4B9F1F88980}.Release|Any CPU.Build.0 = Release|Any CPU
	EndGlobalSection
	GlobalSection(SolutionProperties) = preSolution
		HideSolutionNode = FALSE
	EndGlobalSection
	GlobalSection(ExtensibilityGlobals) = postSolution
		SolutionGuid = {146D1EC7-9D46-46DD-9390-B3477CFEF365}
	EndGlobalSection
EndGlobal
